# THIS IS AN AUTOGENERATED FILE. DO NOT EDIT THIS FILE DIRECTLY.
# yarn lockfile v1


"@netlify/functions@^0.10.0":
  version "0.10.0"
  resolved "https://registry.yarnpkg.com/@netlify/functions/-/functions-0.10.0.tgz#3856b609df1c1d1c7c21773650d1e5b4f81cfaf2"
  integrity sha512-NNFADTPnokuoMY1OUhaXlE/Jrzk5lHOl1uB4L/8pw1UJ/CaectZJACMExijbJnqaKIhOQG0WmbBQUh1lgnK/Qg==
  dependencies:
    is-promise "^4.0.0"

is-promise@^4.0.0:
  version "4.0.0"
  resolved "https://registry.yarnpkg.com/is-promise/-/is-promise-4.0.0.tgz#42ff9f84206c1991d26debf520dd5c01042dd2f3"
  integrity sha512-hvpoI6korhJMnej285dSg6nu1+e6uxs7zG3BYAm5byqDsgJNWwxzM6z6iZiAgQR4TJ30JmBTOwqZUw3WlyH3AQ==

rescript@^9.1.4:
  version "9.1.4"
  resolved "https://registry.yarnpkg.com/rescript/-/rescript-9.1.4.tgz#1eb126f98d6c16942c0bf0df67c050198e580515"
  integrity sha512-aXANK4IqecJzdnDpJUsU6pxMViCR5ogAxzuqS0mOr8TloMnzAjJFu63fjD6LCkWrKAhlMkFFzQvVQYaAaVkFXw==
